// !$*UTF8*$!
{
	archiveVersion = 1;
	classes = {
	};
	objectVersion = 46;
	objects = {

/* Begin PBXBuildFile section */
		4CF99060142C41580023334F /* UIKit.framework in Frameworks */ = {isa = PBXBuildFile; fileRef = 4CF9905F142C41580023334F /* UIKit.framework */; };
		4CF99062142C41580023334F /* Foundation.framework in Frameworks */ = {isa = PBXBuildFile; fileRef = 4CF99061142C41580023334F /* Foundation.framework */; };
		4CF99064142C41580023334F /* CoreGraphics.framework in Frameworks */ = {isa = PBXBuildFile; fileRef = 4CF99063142C41580023334F /* CoreGraphics.framework */; };
		4CF9906A142C41580023334F /* InfoPlist.strings in Resources */ = {isa = PBXBuildFile; fileRef = 4CF99068142C41580023334F /* InfoPlist.strings */; };
		4CF9906C142C41580023334F /* main.m in Sources */ = {isa = PBXBuildFile; fileRef = 4CF9906B142C41580023334F /* main.m */; };
		4CF99070142C41580023334F /* LKBadgeViewAppDelegate.m in Sources */ = {isa = PBXBuildFile; fileRef = 4CF9906F142C41580023334F /* LKBadgeViewAppDelegate.m */; };
		4CF99073142C41580023334F /* MainWindow.xib in Resources */ = {isa = PBXBuildFile; fileRef = 4CF99071142C41580023334F /* MainWindow.xib */; };
		4CF99076142C41580023334F /* LKBadgeViewViewController.m in Sources */ = {isa = PBXBuildFile; fileRef = 4CF99075142C41580023334F /* LKBadgeViewViewController.m */; };
		4CF99079142C41580023334F /* LKBadgeViewViewController.xib in Resources */ = {isa = PBXBuildFile; fileRef = 4CF99077142C41580023334F /* LKBadgeViewViewController.xib */; };
		4CF99081142C41580023334F /* SenTestingKit.framework in Frameworks */ = {isa = PBXBuildFile; fileRef = 4CF99080142C41580023334F /* SenTestingKit.framework */; };
		4CF99082142C41580023334F /* UIKit.framework in Frameworks */ = {isa = PBXBuildFile; fileRef = 4CF9905F142C41580023334F /* UIKit.framework */; };
		4CF99083142C41580023334F /* Foundation.framework in Frameworks */ = {isa = PBXBuildFile; fileRef = 4CF99061142C41580023334F /* Foundation.framework */; };
		4CF99084142C41580023334F /* CoreGraphics.framework in Frameworks */ = {isa = PBXBuildFile; fileRef = 4CF99063142C41580023334F /* CoreGraphics.framework */; };
		4CF9908C142C41580023334F /* InfoPlist.strings in Resources */ = {isa = PBXBuildFile; fileRef = 4CF9908A142C41580023334F /* InfoPlist.strings */; };
		4CF9908E142C41580023334F /* LKBadgeViewTests.h in Resources */ = {isa = PBXBuildFile; fileRef = 4CF9908D142C41580023334F /* LKBadgeViewTests.h */; };
		4CF99090142C41580023334F /* LKBadgeViewTests.m in Sources */ = {isa = PBXBuildFile; fileRef = 4CF9908F142C41580023334F /* LKBadgeViewTests.m */; };
		4CF9909C142C42270023334F /* LKBadgeView.m in Sources */ = {isa = PBXBuildFile; fileRef = 4CF9909B142C42270023334F /* LKBadgeView.m */; };
/* End PBXBuildFile section */

/* Begin PBXContainerItemProxy section */
		4CF99085142C41580023334F /* PBXContainerItemProxy */ = {
			isa = PBXContainerItemProxy;
			containerPortal = 4CF99052142C41570023334F /* Project object */;
			proxyType = 1;
			remoteGlobalIDString = 4CF9905A142C41580023334F;
			remoteInfo = LKBadgeView;
		};
/* End PBXContainerItemProxy section */

/* Begin PBXFileReference section */
		4CF9905B142C41580023334F /* LKBadgeView.app */ = {isa = PBXFileReference; explicitFileType = wrapper.application; includeInIndex = 0; path = LKBadgeView.app; sourceTree = BUILT_PRODUCTS_DIR; };
		4CF9905F142C41580023334F /* UIKit.framework */ = {isa = PBXFileReference; lastKnownFileType = wrapper.framework; name = UIKit.framework; path = System/Library/Frameworks/UIKit.framework; sourceTree = SDKROOT; };
		4CF99061142C41580023334F /* Foundation.framework */ = {isa = PBXFileReference; lastKnownFileType = wrapper.framework; name = Foundation.framework; path = System/Library/Frameworks/Foundation.framework; sourceTree = SDKROOT; };
		4CF99063142C41580023334F /* CoreGraphics.framework */ = {isa = PBXFileReference; lastKnownFileType = wrapper.framework; name = CoreGraphics.framework; path = System/Library/Frameworks/CoreGraphics.framework; sourceTree = SDKROOT; };
		4CF99067142C41580023334F /* LKBadgeView-Info.plist */ = {isa = PBXFileReference; lastKnownFileType = text.plist.xml; path = "LKBadgeView-Info.plist"; sourceTree = "<group>"; };
		4CF99069142C41580023334F /* en */ = {isa = PBXFileReference; lastKnownFileType = text.plist.strings; name = en; path = en.lproj/InfoPlist.strings; sourceTree = "<group>"; };
		4CF9906B142C41580023334F /* main.m */ = {isa = PBXFileReference; lastKnownFileType = sourcecode.c.objc; path = main.m; sourceTree = "<group>"; };
		4CF9906D142C41580023334F /* LKBadgeView-Prefix.pch */ = {isa = PBXFileReference; lastKnownFileType = sourcecode.c.h; path = "LKBadgeView-Prefix.pch"; sourceTree = "<group>"; };
		4CF9906E142C41580023334F /* LKBadgeViewAppDelegate.h */ = {isa = PBXFileReference; lastKnownFileType = sourcecode.c.h; path = LKBadgeViewAppDelegate.h; sourceTree = "<group>"; };
		4CF9906F142C41580023334F /* LKBadgeViewAppDelegate.m */ = {isa = PBXFileReference; lastKnownFileType = sourcecode.c.objc; path = LKBadgeViewAppDelegate.m; sourceTree = "<group>"; };
		4CF99072142C41580023334F /* en */ = {isa = PBXFileReference; lastKnownFileType = file.xib; name = en; path = en.lproj/MainWindow.xib; sourceTree = "<group>"; };
		4CF99074142C41580023334F /* LKBadgeViewViewController.h */ = {isa = PBXFileReference; lastKnownFileType = sourcecode.c.h; path = LKBadgeViewViewController.h; sourceTree = "<group>"; };
		4CF99075142C41580023334F /* LKBadgeViewViewController.m */ = {isa = PBXFileReference; lastKnownFileType = sourcecode.c.objc; path = LKBadgeViewViewController.m; sourceTree = "<group>"; };
		4CF99078142C41580023334F /* en */ = {isa = PBXFileReference; lastKnownFileType = file.xib; name = en; path = en.lproj/LKBadgeViewViewController.xib; sourceTree = "<group>"; };
		4CF9907F142C41580023334F /* LKBadgeViewTests.octest */ = {isa = PBXFileReference; explicitFileType = wrapper.cfbundle; includeInIndex = 0; path = LKBadgeViewTests.octest; sourceTree = BUILT_PRODUCTS_DIR; };
		4CF99080142C41580023334F /* SenTestingKit.framework */ = {isa = PBXFileReference; lastKnownFileType = wrapper.framework; name = SenTestingKit.framework; path = Library/Frameworks/SenTestingKit.framework; sourceTree = DEVELOPER_DIR; };
		4CF99089142C41580023334F /* LKBadgeViewTests-Info.plist */ = {isa = PBXFileReference; lastKnownFileType = text.plist.xml; path = "LKBadgeViewTests-Info.plist"; sourceTree = "<group>"; };
		4CF9908B142C41580023334F /* en */ = {isa = PBXFileReference; lastKnownFileType = text.plist.strings; name = en; path = en.lproj/InfoPlist.strings; sourceTree = "<group>"; };
		4CF9908D142C41580023334F /* LKBadgeViewTests.h */ = {isa = PBXFileReference; lastKnownFileType = sourcecode.c.h; path = LKBadgeViewTests.h; sourceTree = "<group>"; };
		4CF9908F142C41580023334F /* LKBadgeViewTests.m */ = {isa = PBXFileReference; lastKnownFileType = sourcecode.c.objc; path = LKBadgeViewTests.m; sourceTree = "<group>"; };
		4CF9909A142C42270023334F /* LKBadgeView.h */ = {isa = PBXFileReference; fileEncoding = 4; lastKnownFileType = sourcecode.c.h; path = LKBadgeView.h; sourceTree = "<group>"; };
		4CF9909B142C42270023334F /* LKBadgeView.m */ = {isa = PBXFileReference; fileEncoding = 4; lastKnownFileType = sourcecode.c.objc; path = LKBadgeView.m; sourceTree = "<group>"; };
/* End PBXFileReference section */

/* Begin PBXFrameworksBuildPhase section */
		4CF99058142C41580023334F /* Frameworks */ = {
			isa = PBXFrameworksBuildPhase;
			buildActionMask = 2147483647;
			files = (
				4CF99060142C41580023334F /* UIKit.framework in Frameworks */,
				4CF99062142C41580023334F /* Foundation.framework in Frameworks */,
				4CF99064142C41580023334F /* CoreGraphics.framework in Frameworks */,
			);
			runOnlyForDeploymentPostprocessing = 0;
		};
		4CF9907B142C41580023334F /* Frameworks */ = {
			isa = PBXFrameworksBuildPhase;
			buildActionMask = 2147483647;
			files = (
				4CF99081142C41580023334F /* SenTestingKit.framework in Frameworks */,
				4CF99082142C41580023334F /* UIKit.framework in Frameworks */,
				4CF99083142C41580023334F /* Foundation.framework in Frameworks */,
				4CF99084142C41580023334F /* CoreGraphics.framework in Frameworks */,
			);
			runOnlyForDeploymentPostprocessing = 0;
		};
/* End PBXFrameworksBuildPhase section */

/* Begin PBXGroup section */
		4CF99050142C41570023334F = {
			isa = PBXGroup;
			children = (
				4CF99099142C41850023334F /* LKBadgeView */,
				4CF99065142C41580023334F /* SampleApplication */,
				4CF99087142C41580023334F /* LKBadgeViewTests */,
				4CF9905E142C41580023334F /* Frameworks */,
				4CF9905C142C41580023334F /* Products */,
			);
			sourceTree = "<group>";
		};
		4CF9905C142C41580023334F /* Products */ = {
			isa = PBXGroup;
			children = (
				4CF9905B142C41580023334F /* LKBadgeView.app */,
				4CF9907F142C41580023334F /* LKBadgeViewTests.octest */,
			);
			name = Products;
			sourceTree = "<group>";
		};
		4CF9905E142C41580023334F /* Frameworks */ = {
			isa = PBXGroup;
			children = (
				4CF9905F142C41580023334F /* UIKit.framework */,
				4CF99061142C41580023334F /* Foundation.framework */,
				4CF99063142C41580023334F /* CoreGraphics.framework */,
				4CF99080142C41580023334F /* SenTestingKit.framework */,
			);
			name = Frameworks;
			sourceTree = "<group>";
		};
		4CF99065142C41580023334F /* SampleApplication */ = {
			isa = PBXGroup;
			children = (
				4CF9906E142C41580023334F /* LKBadgeViewAppDelegate.h */,
				4CF9906F142C41580023334F /* LKBadgeViewAppDelegate.m */,
				4CF99071142C41580023334F /* MainWindow.xib */,
				4CF99074142C41580023334F /* LKBadgeViewViewController.h */,
				4CF99075142C41580023334F /* LKBadgeViewViewController.m */,
				4CF99077142C41580023334F /* LKBadgeViewViewController.xib */,
				4CF99066142C41580023334F /* Supporting Files */,
			);
			path = SampleApplication;
			sourceTree = "<group>";
		};
		4CF99066142C41580023334F /* Supporting Files */ = {
			isa = PBXGroup;
			children = (
				4CF99067142C41580023334F /* LKBadgeView-Info.plist */,
				4CF99068142C41580023334F /* InfoPlist.strings */,
				4CF9906B142C41580023334F /* main.m */,
				4CF9906D142C41580023334F /* LKBadgeView-Prefix.pch */,
			);
			name = "Supporting Files";
			sourceTree = "<group>";
		};
		4CF99087142C41580023334F /* LKBadgeViewTests */ = {
			isa = PBXGroup;
			children = (
				4CF9908D142C41580023334F /* LKBadgeViewTests.h */,
				4CF9908F142C41580023334F /* LKBadgeViewTests.m */,
				4CF99088142C41580023334F /* Supporting Files */,
			);
			path = LKBadgeViewTests;
			sourceTree = "<group>";
		};
		4CF99088142C41580023334F /* Supporting Files */ = {
			isa = PBXGroup;
			children = (
				4CF99089142C41580023334F /* LKBadgeViewTests-Info.plist */,
				4CF9908A142C41580023334F /* InfoPlist.strings */,
			);
			name = "Supporting Files";
			sourceTree = "<group>";
		};
		4CF99099142C41850023334F /* LKBadgeView */ = {
			isa = PBXGroup;
			children = (
				4CF9909A142C42270023334F /* LKBadgeView.h */,
				4CF9909B142C42270023334F /* LKBadgeView.m */,
			);
			name = LKBadgeView;
			sourceTree = "<group>";
		};
/* End PBXGroup section */

/* Begin PBXNativeTarget section */
		4CF9905A142C41580023334F /* LKBadgeView */ = {
			isa = PBXNativeTarget;
			buildConfigurationList = 4CF99093142C41580023334F /* Build configuration list for PBXNativeTarget "LKBadgeView" */;
			buildPhases = (
				4CF99057142C41580023334F /* Sources */,
				4CF99058142C41580023334F /* Frameworks */,
				4CF99059142C41580023334F /* Resources */,
			);
			buildRules = (
			);
			dependencies = (
			);
			name = LKBadgeView;
			productName = LKBadgeView;
			productReference = 4CF9905B142C41580023334F /* LKBadgeView.app */;
			productType = "com.apple.product-type.application";
		};
		4CF9907E142C41580023334F /* LKBadgeViewTests */ = {
			isa = PBXNativeTarget;
			buildConfigurationList = 4CF99096142C41580023334F /* Build configuration list for PBXNativeTarget "LKBadgeViewTests" */;
			buildPhases = (
				4CF9907A142C41580023334F /* Sources */,
				4CF9907B142C41580023334F /* Frameworks */,
				4CF9907C142C41580023334F /* Resources */,
				4CF9907D142C41580023334F /* ShellScript */,
			);
			buildRules = (
			);
			dependencies = (
				4CF99086142C41580023334F /* PBXTargetDependency */,
			);
			name = LKBadgeViewTests;
			productName = LKBadgeViewTests;
			productReference = 4CF9907F142C41580023334F /* LKBadgeViewTests.octest */;
			productType = "com.apple.product-type.bundle";
		};
/* End PBXNativeTarget section */

/* Begin PBXProject section */
		4CF99052142C41570023334F /* Project object */ = {
			isa = PBXProject;
			buildConfigurationList = 4CF99055142C41570023334F /* Build configuration list for PBXProject "LKBadgeView" */;
			compatibilityVersion = "Xcode 3.2";
			developmentRegion = English;
			hasScannedForEncodings = 0;
			knownRegions = (
				en,
			);
			mainGroup = 4CF99050142C41570023334F;
			productRefGroup = 4CF9905C142C41580023334F /* Products */;
			projectDirPath = "";
			projectRoot = "";
			targets = (
				4CF9905A142C41580023334F /* LKBadgeView */,
				4CF9907E142C41580023334F /* LKBadgeViewTests */,
			);
		};
/* End PBXProject section */

/* Begin PBXResourcesBuildPhase section */
		4CF99059142C41580023334F /* Resources */ = {
			isa = PBXResourcesBuildPhase;
			buildActionMask = 2147483647;
			files = (
				4CF9906A142C41580023334F /* InfoPlist.strings in Resources */,
				4CF99073142C41580023334F /* MainWindow.xib in Resources */,
				4CF99079142C41580023334F /* LKBadgeViewViewController.xib in Resources */,
			);
			runOnlyForDeploymentPostprocessing = 0;
		};
		4CF9907C142C41580023334F /* Resources */ = {
			isa = PBXResourcesBuildPhase;
			buildActionMask = 2147483647;
			files = (
				4CF9908C142C41580023334F /* InfoPlist.strings in Resources */,
				4CF9908E142C41580023334F /* LKBadgeViewTests.h in Resources */,
			);
			runOnlyForDeploymentPostprocessing = 0;
		};
/* End PBXResourcesBuildPhase section */

/* Begin PBXShellScriptBuildPhase section */
		4CF9907D142C41580023334F /* ShellScript */ = {
			isa = PBXShellScriptBuildPhase;
			buildActionMask = 2147483647;
			files = (
			);
			inputPaths = (
			);
			outputPaths = (
			);
			runOnlyForDeploymentPostprocessing = 0;
			shellPath = /bin/sh;
			shellScript = "# Run the unit tests in this test bundle.\n\"${SYSTEM_DEVELOPER_DIR}/Tools/RunUnitTests\"\n";
		};
/* End PBXShellScriptBuildPhase section */

/* Begin PBXSourcesBuildPhase section */
		4CF99057142C41580023334F /* Sources */ = {
			isa = PBXSourcesBuildPhase;
			buildActionMask = 2147483647;
			files = (
				4CF9906C142C41580023334F /* main.m in Sources */,
				4CF99070142C41580023334F /* LKBadgeViewAppDelegate.m in Sources */,
				4CF99076142C41580023334F /* LKBadgeViewViewController.m in Sources */,
				4CF9909C142C42270023334F /* LKBadgeView.m in Sources */,
			);
			runOnlyForDeploymentPostprocessing = 0;
		};
		4CF9907A142C41580023334F /* Sources */ = {
			isa = PBXSourcesBuildPhase;
			buildActionMask = 2147483647;
			files = (
				4CF99090142C41580023334F /* LKBadgeViewTests.m in Sources */,
			);
			runOnlyForDeploymentPostprocessing = 0;
		};
/* End PBXSourcesBuildPhase section */

/* Begin PBXTargetDependency section */
		4CF99086142C41580023334F /* PBXTargetDependency */ = {
			isa = PBXTargetDependency;
			target = 4CF9905A142C41580023334F /* LKBadgeView */;
			targetProxy = 4CF99085142C41580023334F /* PBXContainerItemProxy */;
		};
/* End PBXTargetDependency section */

/* Begin PBXVariantGroup section */
		4CF99068142C41580023334F /* InfoPlist.strings */ = {
			isa = PBXVariantGroup;
			children = (
				4CF99069142C41580023334F /* en */,
			);
			name = InfoPlist.strings;
			sourceTree = "<group>";
		};
		4CF99071142C41580023334F /* MainWindow.xib */ = {
			isa = PBXVariantGroup;
			children = (
				4CF99072142C41580023334F /* en */,
			);
			name = MainWindow.xib;
			sourceTree = "<group>";
		};
		4CF99077142C41580023334F /* LKBadgeViewViewController.xib */ = {
			isa = PBXVariantGroup;
			children = (
				4CF99078142C41580023334F /* en */,
			);
			name = LKBadgeViewViewController.xib;
			sourceTree = "<group>";
		};
		4CF9908A142C41580023334F /* InfoPlist.strings */ = {
			isa = PBXVariantGroup;
			children = (
				4CF9908B142C41580023334F /* en */,
			);
			name = InfoPlist.strings;
			sourceTree = "<group>";
		};
/* End PBXVariantGroup section */

/* Begin XCBuildConfiguration section */
		4CF99091142C41580023334F /* Debug */ = {
			isa = XCBuildConfiguration;
			buildSettings = {
				ALWAYS_SEARCH_USER_PATHS = NO;
				ARCHS = "$(ARCHS_STANDARD_32_BIT)";
				"CODE_SIGN_IDENTITY[sdk=iphoneos*]" = "iPhone Developer";
				COPY_PHASE_STRIP = NO;
				GCC_C_LANGUAGE_STANDARD = gnu99;
				GCC_DYNAMIC_NO_PIC = NO;
				GCC_OPTIMIZATION_LEVEL = 0;
				GCC_PREPROCESSOR_DEFINITIONS = (
					"DEBUG=1",
					"$(inherited)",
				);
				GCC_SYMBOLS_PRIVATE_EXTERN = NO;
				GCC_VERSION = com.apple.compilers.llvmgcc42;
				GCC_WARN_ABOUT_MISSING_PROTOTYPES = YES;
				GCC_WARN_ABOUT_RETURN_TYPE = YES;
				GCC_WARN_UNUSED_VARIABLE = YES;
				IPHONEOS_DEPLOYMENT_TARGET = 4.3;
				SDKROOT = iphoneos;
			};
			name = Debug;
		};
		4CF99092142C41580023334F /* Release */ = {
			isa = XCBuildConfiguration;
			buildSettings = {
				ALWAYS_SEARCH_USER_PATHS = NO;
				ARCHS = "$(ARCHS_STANDARD_32_BIT)";
				"CODE_SIGN_IDENTITY[sdk=iphoneos*]" = "iPhone Developer";
				COPY_PHASE_STRIP = YES;
				GCC_C_LANGUAGE_STANDARD = gnu99;
				GCC_VERSION = com.apple.compilers.llvmgcc42;
				GCC_WARN_ABOUT_MISSING_PROTOTYPES = YES;
				GCC_WARN_ABOUT_RETURN_TYPE = YES;
				GCC_WARN_UNUSED_VARIABLE = YES;
				IPHONEOS_DEPLOYMENT_TARGET = 4.3;
				OTHER_CFLAGS = "-DNS_BLOCK_ASSERTIONS=1";
				SDKROOT = iphoneos;
				VALIDATE_PRODUCT = YES;
			};
			name = Release;
		};
		4CF99094142C41580023334F /* Debug */ = {
			isa = XCBuildConfiguration;
			buildSettings = {
				GCC_PRECOMPILE_PREFIX_HEADER = YES;
				GCC_PREFIX_HEADER = "SampleApplication/LKBadgeView-Prefix.pch";
				INFOPLIST_FILE = "SampleApplication/LKBadgeView-Info.plist";
				PRODUCT_NAME = "$(TARGET_NAME)";
				WRAPPER_EXTENSION = app;
			};
			name = Debug;
		};
		4CF99095142C41580023334F /* Release */ = {
			isa = XCBuildConfiguration;
			buildSettings = {
				GCC_PRECOMPILE_PREFIX_HEADER = YES;
				GCC_PREFIX_HEADER = "SampleApplication/LKBadgeView-Prefix.pch";
				INFOPLIST_FILE = "SampleApplication/LKBadgeView-Info.plist";
				PRODUCT_NAME = "$(TARGET_NAME)";
				WRAPPER_EXTENSION = app;
			};
			name = Release;
		};
		4CF99097142C41580023334F /* Debug */ = {
			isa = XCBuildConfiguration;
			buildSettings = {
				BUNDLE_LOADER = "$(BUILT_PRODUCTS_DIR)/LKBadgeView.app/LKBadgeView";
				FRAMEWORK_SEARCH_PATHS = (
					"$(SDKROOT)/Developer/Library/Frameworks",
					"$(DEVELOPER_LIBRARY_DIR)/Frameworks",
				);
				GCC_PRECOMPILE_PREFIX_HEADER = YES;
				GCC_PREFIX_HEADER = "LKBadgeView/LKBadgeView-Prefix.pch";
				INFOPLIST_FILE = "LKBadgeViewTests/LKBadgeViewTests-Info.plist";
				PRODUCT_NAME = "$(TARGET_NAME)";
				TEST_HOST = "$(BUNDLE_LOADER)";
				WRAPPER_EXTENSION = octest;
			};
			name = Debug;
		};
		4CF99098142C41580023334F /* Release */ = {
			isa = XCBuildConfiguration;
			buildSettings = {
				BUNDLE_LOADER = "$(BUILT_PRODUCTS_DIR)/LKBadgeView.app/LKBadgeView";
				FRAMEWORK_SEARCH_PATHS = (
					"$(SDKROOT)/Developer/Library/Frameworks",
					"$(DEVELOPER_LIBRARY_DIR)/Frameworks",
				);
				GCC_PRECOMPILE_PREFIX_HEADER = YES;
				GCC_PREFIX_HEADER = "LKBadgeView/LKBadgeView-Prefix.pch";
				INFOPLIST_FILE = "LKBadgeViewTests/LKBadgeViewTests-Info.plist";
				PRODUCT_NAME = "$(TARGET_NAME)";
				TEST_HOST = "$(BUNDLE_LOADER)";
				WRAPPER_EXTENSION = octest;
			};
			name = Release;
		};
/* End XCBuildConfiguration section */

/* Begin XCConfigurationList section */
		4CF99055142C41570023334F /* Build configuration list for PBXProject "LKBadgeView" */ = {
			isa = XCConfigurationList;
			buildConfigurations = (
				4CF99091142C41580023334F /* Debug */,
				4CF99092142C41580023334F /* Release */,
			);
			defaultConfigurationIsVisible = 0;
			defaultConfigurationName = Release;
		};
		4CF99093142C41580023334F /* Build configuration list for PBXNativeTarget "LKBadgeView" */ = {
			isa = XCConfigurationList;
			buildConfigurations = (
				4CF99094142C41580023334F /* Debug */,
				4CF99095142C41580023334F /* Release */,
			);
			defaultConfigurationIsVisible = 0;
		};
		4CF99096142C41580023334F /* Build configuration list for PBXNativeTarget "LKBadgeViewTests" */ = {
			isa = XCConfigurationList;
			buildConfigurations = (
				4CF99097142C41580023334F /* Debug */,
				4CF99098142C41580023334F /* Release */,
			);
			defaultConfigurationIsVisible = 0;
		};
/* End XCConfigurationList section */
	};
	rootObject = 4CF99052142C41570023334F /* Project object */;
}
